PODS:
  - GData (1.12.0):
    - GData/Core
    - GData/XMLNode
    - gtm-oauth2
    - GTMHTTPFetcher
  - GData/Core (1.12.0):
    - gtm-oauth2
    - GTMHTTPFetcher
  - GData/XMLNode (1.12.0):
    - gtm-oauth2
    - GTMHTTPFetcher
  - gtm-oauth2 (0.0.1):
    - gtm-oauth2/Core
    - GTMHTTPFetcher
    - SBJson
  - gtm-oauth2/Core (0.0.1):
    - gtm-oauth2/Core/Mac
    - gtm-oauth2/Core/Touch
    - GTMHTTPFetcher
    - SBJson
  - gtm-oauth2/Core/Mac (0.0.1):
    - GTMHTTPFetcher
    - SBJson
  - gtm-oauth2/Core/Touch (0.0.1):
    - GTMHTTPFetcher
    - SBJson
  - GTMHTTPFetcher (0.0.1):
    - SBJson
  - MBProgressHUD (0.8)
  - NSDate-TimeAgo (0.0.1)
  - QueryManager (0.0.14)
  - SBJson (3.2)
  - SmartNavigationController (0.0.2)
  - SSPullToRefresh (1.1.2)
  - UITableViewAtBottomView (0.0.1)
  - UITableViewHeaderMenuView (0.0.1)
  - UITableViewMaskView (0.0.1)
  - UITableViewSwipeView (0.0.1)
  - ViewHelpers (0.0.1)

DEPENDENCIES:
  - GData (~> 1.12.0)
  - MBProgressHUD (~> 0.6)
  - NSDate-TimeAgo (~> 0.0.1)
  - QueryManager (~> 0.0.14)
  - SmartNavigationController (~> 0.0.2)
  - SSPullToRefresh (~> 1.1.2)
  - UITableViewAtBottomView (~> 0.0.1)
  - UITableViewHeaderMenuView (~> 0.0.1)
  - UITableViewMaskView (~> 0.0.1)
  - UITableViewSwipeView (~> 0.0.1)
  - ViewHelpers (~> 0.0.1)

SPEC CHECKSUMS:
  GData: 8bd2d2883a084cf9d3fb75c083413df7c036f63e
  gtm-oauth2: af6d1ff3d4b14b35d3709f7f4bf2be8b43e45e62
  GTMHTTPFetcher: b0af09f18ec87e7a5edeffcc8cb6449fdbf0e83f
  MBProgressHUD: 2bbc6f470111daf7f3eaa4eb12b8cbf01c4c0622
  NSDate-TimeAgo: c22120e1736dec8ea2e2260fda8f48a0abb83f05
  QueryManager: d215983fafbb15c26e4c4f9bec3844fc83632b10
  SBJson: e60b4dc22448c2ae1e754b523a4ab53408e85c8d
  SmartNavigationController: 03aa24a8fad83bbb910b7ad6b1a255bdf564c941
  SSPullToRefresh: 8d8360b0ff0dc7b344656b48ddf9732c47e78806
  UITableViewAtBottomView: fb372036a11e91ba83fab1515545e3deea033f70
  UITableViewHeaderMenuView: a8a2a8458a79f5ae37acf5ccb4469f9441b9c8cc
  UITableViewMaskView: 0c2f9c83b56d11634c1894f870a32d21ccfeafbb
  UITableViewSwipeView: 1a85aa008264d1aae343967fb8074748e546d101
  ViewHelpers: 0aa94fd43cd2053318471b517fd48476ecabf925

COCOAPODS: 0.20.2
